
Microsoft Visual Studio Solution File, Format Version 12.00
# Visual Studio Version 17
VisualStudioVersion = 17.1.32210.238
MinimumVisualStudioVersion = 10.0.40219.1
Project("{FAE04EC0-301F-11D3-BF4B-00C04F79EFBC}") = "QuizAssigment", "QuizAssigment\QuizAssigment.csproj", "{62185235-1685-43C9-9B8F-96307AADBE32}"
EndProject
Global
	GlobalSection(SolutionConfigurationPlatforms) = preSolution
		Debug|Any CPU = Debug|Any CPU
		Release|Any CPU = Release|Any CPU
	EndGlobalSection
	GlobalSection(ProjectConfigurationPlatforms) = postSolution
		{62185235-1685-43C9-9B8F-96307AADBE32}.Debug|Any CPU.ActiveCfg = Debug|Any CPU
		{62185235-1685-43C9-9B8F-96307AADBE32}.Debug|Any CPU.Build.0 = Debug|Any CPU
		{62185235-1685-43C9-9B8F-96307AADBE32}.Release|Any CPU.ActiveCfg = Release|Any CPU
		{62185235-1685-43C9-9B8F-96307AADBE32}.Release|Any CPU.Build.0 = Release|Any CPU
	EndGlobalSection
	GlobalSection(SolutionProperties) = preSolution
		HideSolutionNode = FALSE
	EndGlobalSection
	GlobalSection(ExtensibilityGlobals) = postSolution
		SolutionGuid = {5FCEF7A9-C8F1-4D00-8C38-9B9F231672B4}
	EndGlobalSection
EndGlobal
